{
  "requires": true,
  "lockfileVersion": 1,
  "dependencies": {
    "highlight.js": {
      "version": "10.0.1",
      "resolved": "https://registry.npmjs.org/highlight.js/-/highlight.js-10.0.1.tgz",
      "integrity": "sha512-l1HB5S9nmBuvurFIOPbpeJv4psKh2MyKCTOYRK/E6dwRXkbG96PLH7amP/xpGNyZOK8OWqv45DxLS/ZAIb3n9w=="
    }
  }
}
